
Microsoft Visual Studio Solution File, Format Version 12.00
# Visual Studio Version 17
VisualStudioVersion = 17.11.35208.52
MinimumVisualStudioVersion = 10.0.40219.1
Project("{9A19103F-16F7-4668-BE54-9A1E7A4F7556}") = "SelSnab.API", "SelSnab.API.csproj", "{1158D95E-53C3-4E29-89F0-EFB673818206}"
EndProject
Project("{9A19103F-16F7-4668-BE54-9A1E7A4F7556}") = "SelSnab.Domain", "..\SelSnab.Domain\SelSnab.Domain.csproj", "{55E220AE-0E1F-4A16-A82C-57775E74093D}"
EndProject
Project("{9A19103F-16F7-4668-BE54-9A1E7A4F7556}") = "SelSnab.Infrastructure", "..\SelSnab.Infrastructure\SelSnab.Infrastructure.csproj", "{DC3B2E58-F31D-409F-8CE1-EFA808B54BF9}"
EndProject
Global
	GlobalSection(SolutionConfigurationPlatforms) = preSolution
		Debug|Any CPU = Debug|Any CPU
		Release|Any CPU = Release|Any CPU
	EndGlobalSection
	GlobalSection(ProjectConfigurationPlatforms) = postSolution
		{1158D95E-53C3-4E29-89F0-EFB673818206}.Debug|Any CPU.ActiveCfg = Debug|Any CPU
		{1158D95E-53C3-4E29-89F0-EFB673818206}.Debug|Any CPU.Build.0 = Debug|Any CPU
		{1158D95E-53C3-4E29-89F0-EFB673818206}.Release|Any CPU.ActiveCfg = Release|Any CPU
		{1158D95E-53C3-4E29-89F0-EFB673818206}.Release|Any CPU.Build.0 = Release|Any CPU
		{55E220AE-0E1F-4A16-A82C-57775E74093D}.Debug|Any CPU.ActiveCfg = Debug|Any CPU
		{55E220AE-0E1F-4A16-A82C-57775E74093D}.Debug|Any CPU.Build.0 = Debug|Any CPU
		{55E220AE-0E1F-4A16-A82C-57775E74093D}.Release|Any CPU.ActiveCfg = Release|Any CPU
		{55E220AE-0E1F-4A16-A82C-57775E74093D}.Release|Any CPU.Build.0 = Release|Any CPU
		{DC3B2E58-F31D-409F-8CE1-EFA808B54BF9}.Debug|Any CPU.ActiveCfg = Debug|Any CPU
		{DC3B2E58-F31D-409F-8CE1-EFA808B54BF9}.Debug|Any CPU.Build.0 = Debug|Any CPU
		{DC3B2E58-F31D-409F-8CE1-EFA808B54BF9}.Release|Any CPU.ActiveCfg = Release|Any CPU
		{DC3B2E58-F31D-409F-8CE1-EFA808B54BF9}.Release|Any CPU.Build.0 = Release|Any CPU
	EndGlobalSection
	GlobalSection(SolutionProperties) = preSolution
		HideSolutionNode = FALSE
	EndGlobalSection
	GlobalSection(ExtensibilityGlobals) = postSolution
		SolutionGuid = {66324C59-D83E-4AF8-BDAF-C20C42A70EB0}
	EndGlobalSection
EndGlobal
